
Microsoft Visual Studio Solution File, Format Version 12.00
# Visual Studio Version 17
VisualStudioVersion = 17.4.33205.214
MinimumVisualStudioVersion = 10.0.40219.1
Project("{9A19103F-16F7-4668-BE54-9A1E7A4F7556}") = "Fractals", "Fractals\Fractals.csproj", "{FFD1EB72-68B9-4646-9D3A-8028BA347431}"
EndProject
Project("{9A19103F-16F7-4668-BE54-9A1E7A4F7556}") = "BauControls", "..\..\Controls\WPF\BauControls\src\BauControls.csproj", "{2AB41147-A061-4E5F-A55C-A29CE5EF75FB}"
EndProject
Global
	GlobalSection(SolutionConfigurationPlatforms) = preSolution
		Debug|Any CPU = Debug|Any CPU
		Release|Any CPU = Release|Any CPU
	EndGlobalSection
	GlobalSection(ProjectConfigurationPlatforms) = postSolution
		{FFD1EB72-68B9-4646-9D3A-8028BA347431}.Debug|Any CPU.ActiveCfg = Debug|Any CPU
		{FFD1EB72-68B9-4646-9D3A-8028BA347431}.Debug|Any CPU.Build.0 = Debug|Any CPU
		{FFD1EB72-68B9-4646-9D3A-8028BA347431}.Release|Any CPU.ActiveCfg = Release|Any CPU
		{FFD1EB72-68B9-4646-9D3A-8028BA347431}.Release|Any CPU.Build.0 = Release|Any CPU
		{2AB41147-A061-4E5F-A55C-A29CE5EF75FB}.Debug|Any CPU.ActiveCfg = Debug|Any CPU
		{2AB41147-A061-4E5F-A55C-A29CE5EF75FB}.Debug|Any CPU.Build.0 = Debug|Any CPU
		{2AB41147-A061-4E5F-A55C-A29CE5EF75FB}.Release|Any CPU.ActiveCfg = Release|Any CPU
		{2AB41147-A061-4E5F-A55C-A29CE5EF75FB}.Release|Any CPU.Build.0 = Release|Any CPU
	EndGlobalSection
	GlobalSection(SolutionProperties) = preSolution
		HideSolutionNode = FALSE
	EndGlobalSection
	GlobalSection(ExtensibilityGlobals) = postSolution
		SolutionGuid = {D93626B4-B4A8-4D99-B33A-60B54FEA59C1}
	EndGlobalSection
EndGlobal
